
Microsoft Visual Studio Solution File, Format Version 12.00
# Visual Studio Version 17
VisualStudioVersion = 17.14.36203.30
MinimumVisualStudioVersion = 10.0.40219.1
Project("{FAE04EC0-301F-11D3-BF4B-00C04F79EFBC}") = "Task1.Emplo", "Task1.Emplo\Task1.Emplo.csproj", "{E3C700C5-0909-446A-B716-96DD98CC035A}"
EndProject
Project("{FAE04EC0-301F-11D3-BF4B-00C04F79EFBC}") = "Task2.Emplo", "Task2.Emplo\Task2.Emplo.csproj", "{6565E17E-560E-4881-BA7E-1733D5F1700C}"
EndProject
Project("{FAE04EC0-301F-11D3-BF4B-00C04F79EFBC}") = "Tests.Emplo", "Tests.Emplo\Tests.Emplo.csproj", "{2BB6700E-4699-4F0F-9093-BF6D6AE4A953}"
EndProject
Project("{2150E333-8FDC-42A3-9474-1A3956D46DE8}") = "Solution Items", "Solution Items", "{8EC462FD-D22E-90A8-E5CE-7E832BA40C5D}"
	ProjectSection(SolutionItems) = preProject
		Task6.txt = Task6.txt
	EndProjectSection
EndProject
Global
	GlobalSection(SolutionConfigurationPlatforms) = preSolution
		Debug|Any CPU = Debug|Any CPU
		Release|Any CPU = Release|Any CPU
	EndGlobalSection
	GlobalSection(ProjectConfigurationPlatforms) = postSolution
		{E3C700C5-0909-446A-B716-96DD98CC035A}.Debug|Any CPU.ActiveCfg = Debug|Any CPU
		{E3C700C5-0909-446A-B716-96DD98CC035A}.Debug|Any CPU.Build.0 = Debug|Any CPU
		{E3C700C5-0909-446A-B716-96DD98CC035A}.Release|Any CPU.ActiveCfg = Release|Any CPU
		{E3C700C5-0909-446A-B716-96DD98CC035A}.Release|Any CPU.Build.0 = Release|Any CPU
		{6565E17E-560E-4881-BA7E-1733D5F1700C}.Debug|Any CPU.ActiveCfg = Debug|Any CPU
		{6565E17E-560E-4881-BA7E-1733D5F1700C}.Debug|Any CPU.Build.0 = Debug|Any CPU
		{6565E17E-560E-4881-BA7E-1733D5F1700C}.Release|Any CPU.ActiveCfg = Release|Any CPU
		{6565E17E-560E-4881-BA7E-1733D5F1700C}.Release|Any CPU.Build.0 = Release|Any CPU
		{2BB6700E-4699-4F0F-9093-BF6D6AE4A953}.Debug|Any CPU.ActiveCfg = Debug|Any CPU
		{2BB6700E-4699-4F0F-9093-BF6D6AE4A953}.Debug|Any CPU.Build.0 = Debug|Any CPU
		{2BB6700E-4699-4F0F-9093-BF6D6AE4A953}.Release|Any CPU.ActiveCfg = Release|Any CPU
		{2BB6700E-4699-4F0F-9093-BF6D6AE4A953}.Release|Any CPU.Build.0 = Release|Any CPU
	EndGlobalSection
	GlobalSection(SolutionProperties) = preSolution
		HideSolutionNode = FALSE
	EndGlobalSection
	GlobalSection(ExtensibilityGlobals) = postSolution
		SolutionGuid = {1036C8E7-4F00-438D-9877-FB7673214607}
	EndGlobalSection
EndGlobal
